
Microsoft Visual Studio Solution File, Format Version 12.00
# Visual Studio Version 16
VisualStudioVersion = 16.0.34031.81
MinimumVisualStudioVersion = 10.0.40219.1
Project("{FAE04EC0-301F-11D3-BF4B-00C04F79EFBC}") = "L.S.C-3K-Ejer11-MultCgato", "L.S.C-3K-Ejer11-MultCgato.csproj", "{D6A767D7-C97F-43CF-9D30-C7CABC03D18C}"
EndProject
Global
	GlobalSection(SolutionConfigurationPlatforms) = preSolution
		Debug|Any CPU = Debug|Any CPU
		Release|Any CPU = Release|Any CPU
	EndGlobalSection
	GlobalSection(ProjectConfigurationPlatforms) = postSolution
		{D6A767D7-C97F-43CF-9D30-C7CABC03D18C}.Debug|Any CPU.ActiveCfg = Debug|Any CPU
		{D6A767D7-C97F-43CF-9D30-C7CABC03D18C}.Debug|Any CPU.Build.0 = Debug|Any CPU
		{D6A767D7-C97F-43CF-9D30-C7CABC03D18C}.Release|Any CPU.ActiveCfg = Release|Any CPU
		{D6A767D7-C97F-43CF-9D30-C7CABC03D18C}.Release|Any CPU.Build.0 = Release|Any CPU
	EndGlobalSection
	GlobalSection(SolutionProperties) = preSolution
		HideSolutionNode = FALSE
	EndGlobalSection
	GlobalSection(ExtensibilityGlobals) = postSolution
		SolutionGuid = {6137E672-299D-4EB5-BF9D-3B30773AF203}
	EndGlobalSection
EndGlobal
